<?xml version="1.0" encoding="utf-8"?>
<Project ToolsVersion="4.0" xmlns="http://schemas.microsoft.com/developer/msbuild/2003">
  <ItemGroup>
    <Filter Include="Source Files">
      <UniqueIdentifier>{4FC737F1-C7A5-4376-A066-2A32D752A2FF}</UniqueIdentifier>
      <Extensions>cpp;c;cc;cxx;def;odl;idl;hpj;bat;asm;asmx</Extensions>
    </Filter>
    <Filter Include="Header Files">
      <UniqueIdentifier>{93995380-89BD-4b04-88EB-625FBE52EBFB}</UniqueIdentifier>
      <Extensions>h;hh;hpp;hxx;hm;inl;inc;xsd</Extensions>
    </Filter>
    <Filter Include="Resource Files">
      <UniqueIdentifier>{67DA6AB6-F800-4c08-8B7A-83BB121AAD01}</UniqueIdentifier>
      <Extensions>rc;ico;cur;bmp;dlg;rc2;rct;bin;rgs;gif;jpg;jpeg;jpe;resx;tiff;tif;png;wav;mfcribbon-ms</Extensions>
    </Filter>
    <Filter Include="amf">
      <UniqueIdentifier>{420b3363-f6f8-490a-ae08-43bd658297a3}</UniqueIdentifier>
    </Filter>
    <Filter Include="amf\public">
      <UniqueIdentifier>{0719b694-1e20-4385-9a71-94a82577b117}</UniqueIdentifier>
    </Filter>
    <Filter Include="amf\public\include">
      <UniqueIdentifier>{df1901f7-3968-4739-97f8-424b2364339f}</UniqueIdentifier>
    </Filter>
    <Filter Include="amf\public\include\core">
      <UniqueIdentifier>{95848bc8-3ec3-4884-a2c9-f0429a511817}</UniqueIdentifier>
    </Filter>
    <Filter Include="amf\public\common">
      <UniqueIdentifier>{94d9ec88-da79-4024-9da1-fcd6b35eb3a3}</UniqueIdentifier>
    </Filter>
    <Filter Include="amf\public\common\Windows">
      <UniqueIdentifier>{d539ecc0-788e-462d-aba3-434cc78a5f51}</UniqueIdentifier>
    </Filter>
  </ItemGroup>
  <ItemGroup>
    <ClCompile Include="..\..\..\src\GPUUtilities\dllmain.cpp">
      <Filter>Source Files</Filter>
    </ClCompile>
    <ClCompile Include="..\..\..\src\GPUUtilities\GPUUtilities.cpp">
      <Filter>Source Files</Filter>
    </ClCompile>
    <ClCompile Include="..\..\..\..\..\AMF\public\common\AMFFactory.cpp">
      <Filter>amf\public\common</Filter>
    </ClCompile>
    <ClCompile Include="..\..\..\..\..\AMF\public\common\AMFSTL.cpp">
      <Filter>amf\public\common</Filter>
    </ClCompile>
    <ClCompile Include="..\..\..\..\..\AMF\public\common\PropertyStorageExImpl.cpp">
      <Filter>amf\public\common</Filter>
    </ClCompile>
    <ClCompile Include="..\..\..\..\..\AMF\public\common\Thread.cpp">
      <Filter>amf\public\common</Filter>
    </ClCompile>
    <ClCompile Include="..\..\..\..\..\AMF\public\common\TraceAdapter.cpp">
      <Filter>amf\public\common</Filter>
    </ClCompile>
    <ClCompile Include="..\..\..\..\..\AMF\public\common\Windows\ThreadWindows.cpp">
      <Filter>amf\public\common\Windows</Filter>
    </ClCompile>
    <ClCompile Include="..\..\..\src\ADL\ADLquery.cpp">
      <Filter>Source Files</Filter>
    </ClCompile>
  </ItemGroup>
  <ItemGroup>
    <ClInclude Include="..\..\..\src\GPUUtilities\GpuUtilities.h">
      <Filter>Header Files</Filter>
    </ClInclude>
    <ClInclude Include="..\..\..\src\GPUUtilities\stdafx.h">
      <Filter>Header Files</Filter>
    </ClInclude>
    <ClInclude Include="..\..\..\src\GPUUtilities\targetver.h">
      <Filter>Header Files</Filter>
    </ClInclude>
    <ClInclude Include="..\..\..\..\..\AMF\public\include\core\AudioBuffer.h">
      <Filter>amf\public\include\core</Filter>
    </ClInclude>
    <ClInclude Include="..\..\..\..\..\AMF\public\include\core\Buffer.h">
      <Filter>amf\public\include\core</Filter>
    </ClInclude>
    <ClInclude Include="..\..\..\..\..\AMF\public\include\core\Compute.h">
      <Filter>amf\public\include\core</Filter>
    </ClInclude>
    <ClInclude Include="..\..\..\..\..\AMF\public\include\core\ComputeFactory.h">
      <Filter>amf\public\include\core</Filter>
    </ClInclude>
    <ClInclude Include="..\..\..\..\..\AMF\public\include\core\Context.h">
      <Filter>amf\public\include\core</Filter>
    </ClInclude>
    <ClInclude Include="..\..\..\..\..\AMF\public\include\core\Data.h">
      <Filter>amf\public\include\core</Filter>
    </ClInclude>
    <ClInclude Include="..\..\..\..\..\AMF\public\include\core\Debug.h">
      <Filter>amf\public\include\core</Filter>
    </ClInclude>
    <ClInclude Include="..\..\..\..\..\AMF\public\include\core\Factory.h">
      <Filter>amf\public\include\core</Filter>
    </ClInclude>
    <ClInclude Include="..\..\..\..\..\AMF\public\include\core\Interface.h">
      <Filter>amf\public\include\core</Filter>
    </ClInclude>
    <ClInclude Include="..\..\..\..\..\AMF\public\include\core\Plane.h">
      <Filter>amf\public\include\core</Filter>
    </ClInclude>
    <ClInclude Include="..\..\..\..\..\AMF\public\include\core\Platform.h">
      <Filter>amf\public\include\core</Filter>
    </ClInclude>
    <ClInclude Include="..\..\..\..\..\AMF\public\include\core\PropertyStorage.h">
      <Filter>amf\public\include\core</Filter>
    </ClInclude>
    <ClInclude Include="..\..\..\..\..\AMF\public\include\core\PropertyStorageEx.h">
      <Filter>amf\public\include\core</Filter>
    </ClInclude>
    <ClInclude Include="..\..\..\..\..\AMF\public\include\core\Result.h">
      <Filter>amf\public\include\core</Filter>
    </ClInclude>
    <ClInclude Include="..\..\..\..\..\AMF\public\include\core\Surface.h">
      <Filter>amf\public\include\core</Filter>
    </ClInclude>
    <ClInclude Include="..\..\..\..\..\AMF\public\include\core\Trace.h">
      <Filter>amf\public\include\core</Filter>
    </ClInclude>
    <ClInclude Include="..\..\..\..\..\AMF\public\include\core\Variant.h">
      <Filter>amf\public\include\core</Filter>
    </ClInclude>
    <ClInclude Include="..\..\..\..\..\AMF\public\include\core\Version.h">
      <Filter>amf\public\include\core</Filter>
    </ClInclude>
    <ClInclude Include="..\..\..\..\..\AMF\public\common\AMFSTL.h">
      <Filter>amf\public\common</Filter>
    </ClInclude>
    <ClInclude Include="..\..\..\..\..\AMF\public\common\InterfaceImpl.h">
      <Filter>amf\public\common</Filter>
    </ClInclude>
    <ClInclude Include="..\..\..\..\..\AMF\public\common\ObservableImpl.h">
      <Filter>amf\public\common</Filter>
    </ClInclude>
    <ClInclude Include="..\..\..\..\..\AMF\public\common\PropertyStorageExImpl.h">
      <Filter>amf\public\common</Filter>
    </ClInclude>
    <ClInclude Include="..\..\..\..\..\AMF\public\common\PropertyStorageImpl.h">
      <Filter>amf\public\common</Filter>
    </ClInclude>
    <ClInclude Include="..\..\..\..\..\AMF\public\common\TraceAdapter.h">
      <Filter>amf\public\common</Filter>
    </ClInclude>
    <ClInclude Include="..\..\..\src\ADL\ADLQuery.h">
      <Filter>Header Files</Filter>
    </ClInclude>
  </ItemGroup>
  <ItemGroup>
    <Text Include="..\..\..\src\GPUUtilities\ReadMe.txt" />
  </ItemGroup>
</Project>