<?xml version="1.0" encoding="utf-8"?>
<Project ToolsVersion="4.0" xmlns="http://schemas.microsoft.com/developer/msbuild/2003">
  <ItemGroup>
    <Filter Include="Source Files">
      <UniqueIdentifier>{4FC737F1-C7A5-4376-A066-2A32D752A2FF}</UniqueIdentifier>
      <Extensions>cpp;c;cc;cxx;def;odl;idl;hpj;bat;asm;asmx</Extensions>
    </Filter>
    <Filter Include="Header Files">
      <UniqueIdentifier>{93995380-89BD-4b04-88EB-625FBE52EBFB}</UniqueIdentifier>
      <Extensions>h;hh;hpp;hxx;hm;inl;inc;xsd</Extensions>
    </Filter>
    <Filter Include="Resource Files">
      <UniqueIdentifier>{67DA6AB6-F800-4c08-8B7A-83BB121AAD01}</UniqueIdentifier>
      <Extensions>rc;ico;cur;bmp;dlg;rc2;rct;bin;rgs;gif;jpg;jpeg;jpe;resx;tiff;tif;png;wav;mfcribbon-ms</Extensions>
    </Filter>
    <Filter Include="Form Files">
      <UniqueIdentifier>{c1d2735d-abae-4d2c-9b7c-6dc6f0425bfa}</UniqueIdentifier>
      <Extensions>ui</Extensions>
    </Filter>
    <Filter Include="QT Objects">
      <UniqueIdentifier>{a1e47e53-0a8e-42e2-b016-03cff926cb35}</UniqueIdentifier>
    </Filter>
    <Filter Include="Generated Files">
      <UniqueIdentifier>{b8f7e3fa-3a3e-4de9-b7e9-1d6ddb2acbfe}</UniqueIdentifier>
    </Filter>
    <Filter Include="Generated Files\Debug">
      <UniqueIdentifier>{ccb209b3-ca55-486b-974f-4933e67dd70a}</UniqueIdentifier>
    </Filter>
    <Filter Include="Generated Files\Release">
      <UniqueIdentifier>{e3ec13eb-7f2a-4a69-9ba5-841de630b65a}</UniqueIdentifier>
    </Filter>
    <Filter Include="amf">
      <UniqueIdentifier>{e3bf8a77-b0f8-4776-863c-ad9a5036babd}</UniqueIdentifier>
    </Filter>
    <Filter Include="amf\public">
      <UniqueIdentifier>{c1ec14cb-89f8-4506-86e9-10a45f4744e8}</UniqueIdentifier>
    </Filter>
    <Filter Include="amf\public\common">
      <UniqueIdentifier>{c8a477b1-0d24-4fdc-86cd-3bd6d759e8b5}</UniqueIdentifier>
    </Filter>
    <Filter Include="amf\public\include">
      <UniqueIdentifier>{a8201bce-94fc-4cec-ac43-5af802ab681e}</UniqueIdentifier>
    </Filter>
    <Filter Include="amf\public\common\Windows">
      <UniqueIdentifier>{b87f2767-f24a-4360-a799-4e7f363fdf50}</UniqueIdentifier>
    </Filter>
    <Filter Include="amf\public\include\core">
      <UniqueIdentifier>{d20f6992-67e6-43fe-a184-35edc834ab07}</UniqueIdentifier>
    </Filter>
    <Filter Include="QT Objects\Header">
      <UniqueIdentifier>{1ba88af6-e505-408e-80c3-15da4e5f33f8}</UniqueIdentifier>
    </Filter>
    <Filter Include="QT Objects\Source">
      <UniqueIdentifier>{bf43569f-f0b2-4819-b6e3-180f082a332f}</UniqueIdentifier>
    </Filter>
  </ItemGroup>
  <ItemGroup>
    <Text Include="ReadMe.txt" />
  </ItemGroup>
  <ItemGroup>
    <ClCompile Include="..\..\..\src\ReverbMixer\ReverbMixer.cpp">
      <Filter>Source Files</Filter>
    </ClCompile>
    <ClCompile Include="..\..\..\..\..\AMF\public\common\Windows\ThreadWindows.cpp">
      <Filter>amf\public\common\Windows</Filter>
    </ClCompile>
    <ClCompile Include="..\..\..\..\..\AMF\public\common\AMFFactory.cpp">
      <Filter>amf\public\common</Filter>
    </ClCompile>
    <ClCompile Include="..\..\..\..\..\AMF\public\common\AMFSTL.cpp">
      <Filter>amf\public\common</Filter>
    </ClCompile>
    <ClCompile Include="..\..\..\..\..\AMF\public\common\DataStreamFactory.cpp">
      <Filter>amf\public\common</Filter>
    </ClCompile>
    <ClCompile Include="..\..\..\..\..\AMF\public\common\DataStreamFile.cpp">
      <Filter>amf\public\common</Filter>
    </ClCompile>
    <ClCompile Include="..\..\..\..\..\AMF\public\common\DataStreamMemory.cpp">
      <Filter>amf\public\common</Filter>
    </ClCompile>
    <ClCompile Include="..\..\..\..\..\AMF\public\common\IOCapsImpl.cpp">
      <Filter>amf\public\common</Filter>
    </ClCompile>
    <ClCompile Include="..\..\..\..\..\AMF\public\common\PropertyStorageExImpl.cpp">
      <Filter>amf\public\common</Filter>
    </ClCompile>
    <ClCompile Include="..\..\..\..\..\AMF\public\common\Thread.cpp">
      <Filter>amf\public\common</Filter>
    </ClCompile>
    <ClCompile Include="..\..\..\..\..\AMF\public\common\TraceAdapter.cpp">
      <Filter>amf\public\common</Filter>
    </ClCompile>
    <ClCompile Include="..\..\..\src\ReverbMixer\QTObject\QTReverbMixerMainWindow.cpp">
      <Filter>QT Objects\Source</Filter>
    </ClCompile>
    <ClCompile Include="..\..\..\src\ReverbMixer\ReverbProcessor.cpp">
      <Filter>Source Files</Filter>
    </ClCompile>
    <ClCompile Include="..\..\..\src\common\WASAPIUtils.cpp">
      <Filter>Source Files</Filter>
    </ClCompile>
    <ClCompile Include="..\..\..\src\common\wav.cpp">
      <Filter>Source Files</Filter>
    </ClCompile>
    <ClCompile Include="..\..\..\..\bin\vs2015x64Release\GeneratedFiles\moc_QTReverbMixerMainWindow.cpp">
      <Filter>Generated Files\Release</Filter>
    </ClCompile>
    <ClCompile Include="..\..\..\..\bin\vs2015x64Debug\GeneratedFiles\moc_QTReverbMixerMainWindow.cpp">
      <Filter>Generated Files\Debug</Filter>
    </ClCompile>
    <ClCompile Include="..\..\..\src\ReverbMixer\QTObject\QTSaveResponse.cpp">
      <Filter>QT Objects\Source</Filter>
    </ClCompile>
    <ClCompile Include="..\..\..\..\bin\vs2015x64Debug\GeneratedFiles\moc_QTSaveResponse.cpp">
      <Filter>Generated Files\Debug</Filter>
    </ClCompile>
    <ClCompile Include="..\..\..\..\bin\vs2015x64Release\GeneratedFiles\moc_QTSaveResponse.cpp">
      <Filter>Generated Files\Release</Filter>
    </ClCompile>
  </ItemGroup>
  <ItemGroup>
    <ClInclude Include="..\..\..\src\ReverbMixer\stdafx.h">
      <Filter>Header Files</Filter>
    </ClInclude>
    <ClInclude Include="..\..\..\..\..\AMF\public\common\AMFFactory.h">
      <Filter>amf\public\common</Filter>
    </ClInclude>
    <ClInclude Include="..\..\..\..\..\AMF\public\common\AMFSTL.h">
      <Filter>amf\public\common</Filter>
    </ClInclude>
    <ClInclude Include="..\..\..\..\..\AMF\public\common\ByteArray.h">
      <Filter>amf\public\common</Filter>
    </ClInclude>
    <ClInclude Include="..\..\..\..\..\AMF\public\common\DataStream.h">
      <Filter>amf\public\common</Filter>
    </ClInclude>
    <ClInclude Include="..\..\..\..\..\AMF\public\common\DataStreamFile.h">
      <Filter>amf\public\common</Filter>
    </ClInclude>
    <ClInclude Include="..\..\..\..\..\AMF\public\common\DataStreamMemory.h">
      <Filter>amf\public\common</Filter>
    </ClInclude>
    <ClInclude Include="..\..\..\..\..\AMF\public\common\InterfaceImpl.h">
      <Filter>amf\public\common</Filter>
    </ClInclude>
    <ClInclude Include="..\..\..\..\..\AMF\public\common\IOCapsImpl.h">
      <Filter>amf\public\common</Filter>
    </ClInclude>
    <ClInclude Include="..\..\..\..\..\AMF\public\common\ObservableImpl.h">
      <Filter>amf\public\common</Filter>
    </ClInclude>
    <ClInclude Include="..\..\..\..\..\AMF\public\common\PropertyStorageExImpl.h">
      <Filter>amf\public\common</Filter>
    </ClInclude>
    <ClInclude Include="..\..\..\..\..\AMF\public\common\PropertyStorageImpl.h">
      <Filter>amf\public\common</Filter>
    </ClInclude>
    <ClInclude Include="..\..\..\..\..\AMF\public\common\Thread.h">
      <Filter>amf\public\common</Filter>
    </ClInclude>
    <ClInclude Include="..\..\..\..\..\AMF\public\common\TraceAdapter.h">
      <Filter>amf\public\common</Filter>
    </ClInclude>
    <ClInclude Include="..\..\..\..\..\AMF\public\include\core\AudioBuffer.h">
      <Filter>amf\public\include\core</Filter>
    </ClInclude>
    <ClInclude Include="..\..\..\..\..\AMF\public\include\core\Buffer.h">
      <Filter>amf\public\include\core</Filter>
    </ClInclude>
    <ClInclude Include="..\..\..\..\..\AMF\public\include\core\Compute.h">
      <Filter>amf\public\include\core</Filter>
    </ClInclude>
    <ClInclude Include="..\..\..\..\..\AMF\public\include\core\ComputeFactory.h">
      <Filter>amf\public\include\core</Filter>
    </ClInclude>
    <ClInclude Include="..\..\..\..\..\AMF\public\include\core\Context.h">
      <Filter>amf\public\include\core</Filter>
    </ClInclude>
    <ClInclude Include="..\..\..\..\..\AMF\public\include\core\Data.h">
      <Filter>amf\public\include\core</Filter>
    </ClInclude>
    <ClInclude Include="..\..\..\..\..\AMF\public\include\core\Debug.h">
      <Filter>amf\public\include\core</Filter>
    </ClInclude>
    <ClInclude Include="..\..\..\..\..\AMF\public\include\core\Factory.h">
      <Filter>amf\public\include\core</Filter>
    </ClInclude>
    <ClInclude Include="..\..\..\..\..\AMF\public\include\core\Interface.h">
      <Filter>amf\public\include\core</Filter>
    </ClInclude>
    <ClInclude Include="..\..\..\..\..\AMF\public\include\core\Plane.h">
      <Filter>amf\public\include\core</Filter>
    </ClInclude>
    <ClInclude Include="..\..\..\..\..\AMF\public\include\core\Platform.h">
      <Filter>amf\public\include\core</Filter>
    </ClInclude>
    <ClInclude Include="..\..\..\..\..\AMF\public\include\core\PropertyStorage.h">
      <Filter>amf\public\include\core</Filter>
    </ClInclude>
    <ClInclude Include="..\..\..\..\..\AMF\public\include\core\PropertyStorageEx.h">
      <Filter>amf\public\include\core</Filter>
    </ClInclude>
    <ClInclude Include="..\..\..\..\..\AMF\public\include\core\Result.h">
      <Filter>amf\public\include\core</Filter>
    </ClInclude>
    <ClInclude Include="..\..\..\..\..\AMF\public\include\core\Surface.h">
      <Filter>amf\public\include\core</Filter>
    </ClInclude>
    <ClInclude Include="..\..\..\..\..\AMF\public\include\core\Trace.h">
      <Filter>amf\public\include\core</Filter>
    </ClInclude>
    <ClInclude Include="..\..\..\..\..\AMF\public\include\core\Variant.h">
      <Filter>amf\public\include\core</Filter>
    </ClInclude>
    <ClInclude Include="..\..\..\..\..\AMF\public\include\core\Version.h">
      <Filter>amf\public\include\core</Filter>
    </ClInclude>
    <ClInclude Include="..\..\..\src\ReverbMixer\ReverbProcessor.h">
      <Filter>Header Files</Filter>
    </ClInclude>
    <ClInclude Include="..\..\..\src\common\wav.h">
      <Filter>Header Files</Filter>
    </ClInclude>
    <ClInclude Include="..\..\..\src\common\WASAPIUtils.h">
      <Filter>Header Files</Filter>
    </ClInclude>
    <ClInclude Include="..\..\..\..\bin\vs2015x64Release\GeneratedFiles\ui_ReverbMixer.h">
      <Filter>Generated Files\Release</Filter>
    </ClInclude>
    <ClInclude Include="..\..\..\..\bin\vs2015x64Debug\GeneratedFiles\ui_ReverbMixer.h">
      <Filter>Generated Files\Debug</Filter>
    </ClInclude>
    <ClInclude Include="..\..\..\..\bin\vs2015x64Debug\GeneratedFiles\ui_QD_SaveResponse.h">
      <Filter>Generated Files\Debug</Filter>
    </ClInclude>
    <ClInclude Include="..\..\..\..\bin\vs2015x64Release\GeneratedFiles\ui_QD_SaveResponse.h">
      <Filter>Generated Files\Release</Filter>
    </ClInclude>
  </ItemGroup>
  <ItemGroup>
    <CustomBuild Include="..\..\..\src\ReverbMixer\UI\ReverbMixer.ui">
      <Filter>Form Files</Filter>
    </CustomBuild>
    <CustomBuild Include="..\..\..\src\ReverbMixer\QTObject\QTReverbMixerMainWindow.h">
      <Filter>QT Objects\Header</Filter>
    </CustomBuild>
    <CustomBuild Include="..\..\..\src\ReverbMixer\UI\QD_SaveResponse.ui">
      <Filter>Form Files</Filter>
    </CustomBuild>
    <CustomBuild Include="..\..\..\src\ReverbMixer\QTObject\QTSaveResponse.h">
      <Filter>QT Objects\Header</Filter>
    </CustomBuild>
  </ItemGroup>
</Project>